// !$*UTF8*$!
{
	archiveVersion = 1;
	classes = {
	};
	objectVersion = 48;
	objects = {

/* Begin PBXBuildFile section */
		4209EEC3207871B700371F9B /* NewDetailDishTbvCell.m in Sources */ = {isa = PBXBuildFile; fileRef = 4209EEC2207871B700371F9B /* NewDetailDishTbvCell.m */; };
		42150DEF205FAC18004E23FF /* ContentDetailDishDto.m in Sources */ = {isa = PBXBuildFile; fileRef = 42150DEE205FAC18004E23FF /* ContentDetailDishDto.m */; };
		42276A58206929D600F20ECC /* DetailDishCell.m in Sources */ = {isa = PBXBuildFile; fileRef = 42276A57206929D600F20ECC /* DetailDishCell.m */; };
		42350B0C20750CA000FF1B21 /* HBanner.m in Sources */ = {isa = PBXBuildFile; fileRef = 42350B0620750CA000FF1B21 /* HBanner.m */; };
		42350B0D20750CA000FF1B21 /* HBanner.xib in Resources */ = {isa = PBXBuildFile; fileRef = 42350B0720750CA000FF1B21 /* HBanner.xib */; };
		42350B0E20750CA000FF1B21 /* HBannerCell.m in Sources */ = {isa = PBXBuildFile; fileRef = 42350B0A20750CA000FF1B21 /* HBannerCell.m */; };
		42350B0F20750CA000FF1B21 /* HBannerCell.xib in Resources */ = {isa = PBXBuildFile; fileRef = 42350B0B20750CA000FF1B21 /* HBannerCell.xib */; };
		424AF9E3206A382100EFF1EB /* MaterialsDetailDishDto.m in Sources */ = {isa = PBXBuildFile; fileRef = 424AF9E2206A382100EFF1EB /* MaterialsDetailDishDto.m */; };
		42D16B3A205B4E9500384BC4 /* Login.storyboard in Resources */ = {isa = PBXBuildFile; fileRef = 42D16B39205B4E9500384BC4 /* Login.storyboard */; };
		42D16B3E205B534300384BC4 /* MButton.m in Sources */ = {isa = PBXBuildFile; fileRef = 42D16B3D205B534300384BC4 /* MButton.m */; };
		42D16B45205B65EB00384BC4 /* WelcomeVC.m in Sources */ = {isa = PBXBuildFile; fileRef = 42D16B44205B65EB00384BC4 /* WelcomeVC.m */; };
		42D16B48205B660100384BC4 /* SignInVC.m in Sources */ = {isa = PBXBuildFile; fileRef = 42D16B47205B660100384BC4 /* SignInVC.m */; };
		42D16B4B205B660E00384BC4 /* SignUpVC.m in Sources */ = {isa = PBXBuildFile; fileRef = 42D16B4A205B660E00384BC4 /* SignUpVC.m */; };
		42D94A2F2058C582008C5202 /* SlideNavigationController.m in Sources */ = {isa = PBXBuildFile; fileRef = 42D94A2E2058C582008C5202 /* SlideNavigationController.m */; };
		42D94A3E2058C5A6008C5202 /* SlideNavigationContorllerAnimatorFade.m in Sources */ = {isa = PBXBuildFile; fileRef = 42D94A352058C5A6008C5202 /* SlideNavigationContorllerAnimatorFade.m */; };
		42D94A3F2058C5A6008C5202 /* SlideNavigationContorllerAnimatorScale.m in Sources */ = {isa = PBXBuildFile; fileRef = 42D94A372058C5A6008C5202 /* SlideNavigationContorllerAnimatorScale.m */; };
		42D94A402058C5A6008C5202 /* SlideNavigationContorllerAnimatorScaleAndFade.m in Sources */ = {isa = PBXBuildFile; fileRef = 42D94A392058C5A6008C5202 /* SlideNavigationContorllerAnimatorScaleAndFade.m */; };
		42D94A412058C5A6008C5202 /* SlideNavigationContorllerAnimatorSlide.m in Sources */ = {isa = PBXBuildFile; fileRef = 42D94A3B2058C5A6008C5202 /* SlideNavigationContorllerAnimatorSlide.m */; };
		42D94A422058C5A6008C5202 /* SlideNavigationContorllerAnimatorSlideAndFade.m in Sources */ = {isa = PBXBuildFile; fileRef = 42D94A3D2058C5A6008C5202 /* SlideNavigationContorllerAnimatorSlideAndFade.m */; };
		42E9DF2A2075FAA20050EE8E /* DishTypeListCell.m in Sources */ = {isa = PBXBuildFile; fileRef = 42E9DF292075FAA20050EE8E /* DishTypeListCell.m */; };
		42E9DF2E2075FC730050EE8E /* DishListCell.m in Sources */ = {isa = PBXBuildFile; fileRef = 42E9DF2D2075FC730050EE8E /* DishListCell.m */; };
		8A664C0BEB9B5811D8BD506D /* Pods_AppFoodUITests.framework in Frameworks */ = {isa = PBXBuildFile; fileRef = F4E643992F60F00CE5A24DAE /* Pods_AppFoodUITests.framework */; };
		CA11035E205A686300905CC4 /* DishListVC.m in Sources */ = {isa = PBXBuildFile; fileRef = CA11035D205A686300905CC4 /* DishListVC.m */; };
		CA4311F1205971DA003A3568 /* API.m in Sources */ = {isa = PBXBuildFile; fileRef = CA4311F0205971DA003A3568 /* API.m */; };
		CA604D462051287000038AA9 /* BaseCell.m in Sources */ = {isa = PBXBuildFile; fileRef = CA604D452051287000038AA9 /* BaseCell.m */; };
		CA604D4A20512A3100038AA9 /* BaseTBV.m in Sources */ = {isa = PBXBuildFile; fileRef = CA604D4920512A3100038AA9 /* BaseTBV.m */; };
		CA604D5620513AA700038AA9 /* SupportVC.m in Sources */ = {isa = PBXBuildFile; fileRef = CA604D5520513AA700038AA9 /* SupportVC.m */; };
		CA6F26F92051154D000D38C7 /* AppDelegate.m in Sources */ = {isa = PBXBuildFile; fileRef = CA6F26F82051154D000D38C7 /* AppDelegate.m */; };
		CA6F26FF2051154D000D38C7 /* Main.storyboard in Resources */ = {isa = PBXBuildFile; fileRef = CA6F26FD2051154D000D38C7 /* Main.storyboard */; };
		CA6F27012051154D000D38C7 /* Assets.xcassets in Resources */ = {isa = PBXBuildFile; fileRef = CA6F27002051154D000D38C7 /* Assets.xcassets */; };
		CA6F27042051154D000D38C7 /* LaunchScreen.storyboard in Resources */ = {isa = PBXBuildFile; fileRef = CA6F27022051154D000D38C7 /* LaunchScreen.storyboard */; };
		CA6F27072051154D000D38C7 /* main.m in Sources */ = {isa = PBXBuildFile; fileRef = CA6F27062051154D000D38C7 /* main.m */; };
		CA6F27112051154D000D38C7 /* AppFoodUITests.m in Sources */ = {isa = PBXBuildFile; fileRef = CA6F27102051154D000D38C7 /* AppFoodUITests.m */; };
		CA6F272B2051186B000D38C7 /* BaseVC.m in Sources */ = {isa = PBXBuildFile; fileRef = CA6F272A2051186B000D38C7 /* BaseVC.m */; };
		CA6F272E2051187D000D38C7 /* MenuVC.m in Sources */ = {isa = PBXBuildFile; fileRef = CA6F272D2051187D000D38C7 /* MenuVC.m */; };
		CA70139420762F4F00962831 /* UIView+Util.m in Sources */ = {isa = PBXBuildFile; fileRef = CA70139320762F4F00962831 /* UIView+Util.m */; };
		CA7D32BB20525D2E00599755 /* BaseNV.m in Sources */ = {isa = PBXBuildFile; fileRef = CA7D32BA20525D2E00599755 /* BaseNV.m */; };
		CA7D32BD2052629000599755 /* Support.storyboard in Resources */ = {isa = PBXBuildFile; fileRef = CA7D32BC2052629000599755 /* Support.storyboard */; };
		CA7D32C32052655200599755 /* ListFood.storyboard in Resources */ = {isa = PBXBuildFile; fileRef = CA7D32C22052655200599755 /* ListFood.storyboard */; };
		CA7D32CB20526AC600599755 /* BaseDto.m in Sources */ = {isa = PBXBuildFile; fileRef = CA7D32CA20526AC600599755 /* BaseDto.m */; };
		CA7D32CF20526AE900599755 /* MenuDto.m in Sources */ = {isa = PBXBuildFile; fileRef = CA7D32CE20526AE900599755 /* MenuDto.m */; };
		CA7D32D32052727000599755 /* FavouriteListVC.m in Sources */ = {isa = PBXBuildFile; fileRef = CA7D32D22052727000599755 /* FavouriteListVC.m */; };
		CA7D32D72052728B00599755 /* DetailDishVC.m in Sources */ = {isa = PBXBuildFile; fileRef = CA7D32D62052728B00599755 /* DetailDishVC.m */; };
		CA7D32DB2052729E00599755 /* DishTypeListVC.m in Sources */ = {isa = PBXBuildFile; fileRef = CA7D32DA2052729E00599755 /* DishTypeListVC.m */; };
		CA7F70ED205A132B007F93C0 /* ListDishDto.m in Sources */ = {isa = PBXBuildFile; fileRef = CA7F70EC205A132B007F93C0 /* ListDishDto.m */; };
		CA7F70F0205A133F007F93C0 /* DetailDishDto.m in Sources */ = {isa = PBXBuildFile; fileRef = CA7F70EF205A133F007F93C0 /* DetailDishDto.m */; };
		CA86EFFB2077CFDE00115699 /* NewDetailDishVC.m in Sources */ = {isa = PBXBuildFile; fileRef = CA86EFFA2077CFDE00115699 /* NewDetailDishVC.m */; };
		CA86EFFD2077D00000115699 /* NewDetail.storyboard in Resources */ = {isa = PBXBuildFile; fileRef = CA86EFFC2077D00000115699 /* NewDetail.storyboard */; };
		CA86F0012077D3BF00115699 /* BaseColCell.m in Sources */ = {isa = PBXBuildFile; fileRef = CA86F0002077D3BF00115699 /* BaseColCell.m */; };
		CA86F0052077D3E400115699 /* InfoDetailDishCell.m in Sources */ = {isa = PBXBuildFile; fileRef = CA86F0042077D3E400115699 /* InfoDetailDishCell.m */; };
		CA86F00C2077D41C00115699 /* IngredientDetailDishCell.m in Sources */ = {isa = PBXBuildFile; fileRef = CA86F00B2077D41C00115699 /* IngredientDetailDishCell.m */; };
		CA86F0102077D43E00115699 /* StepsDetailDishCell.m in Sources */ = {isa = PBXBuildFile; fileRef = CA86F00F2077D43E00115699 /* StepsDetailDishCell.m */; };
		CA86F0142077D45200115699 /* TypeDetailDishCell.m in Sources */ = {isa = PBXBuildFile; fileRef = CA86F0132077D45200115699 /* TypeDetailDishCell.m */; };
		CAE60957205BA4B200BB3D86 /* UserDto.m in Sources */ = {isa = PBXBuildFile; fileRef = CAE60956205BA4B200BB3D86 /* UserDto.m */; };
		CAE6095B205BAC5900BB3D86 /* Configure.m in Sources */ = {isa = PBXBuildFile; fileRef = CAE6095A205BAC5900BB3D86 /* Configure.m */; };
		F54F4B32B4B708801E871879 /* Pods_AppFood.framework in Frameworks */ = {isa = PBXBuildFile; fileRef = E27F32BDAA9DC9224D7508EA /* Pods_AppFood.framework */; };
/* End PBXBuildFile section */

/* Begin PBXContainerItemProxy section */
		CA6F270D2051154D000D38C7 /* PBXContainerItemProxy */ = {
			isa = PBXContainerItemProxy;
			containerPortal = CA6F26EC2051154D000D38C7 /* Project object */;
			proxyType = 1;
			remoteGlobalIDString = CA6F26F32051154D000D38C7;
			remoteInfo = AppFood;
		};
/* End PBXContainerItemProxy section */

/* Begin PBXFileReference section */
		0C4D3CE434AF4D4085BB6BF3 /* Pods-AppFoodUITests.debug.xcconfig */ = {isa = PBXFileReference; includeInIndex = 1; lastKnownFileType = text.xcconfig; name = "Pods-AppFoodUITests.debug.xcconfig"; path = "Pods/Target Support Files/Pods-AppFoodUITests/Pods-AppFoodUITests.debug.xcconfig"; sourceTree = "<group>"; };
		4209EEC1207871B700371F9B /* NewDetailDishTbvCell.h */ = {isa = PBXFileReference; lastKnownFileType = sourcecode.c.h; path = NewDetailDishTbvCell.h; sourceTree = "<group>"; };
		4209EEC2207871B700371F9B /* NewDetailDishTbvCell.m */ = {isa = PBXFileReference; lastKnownFileType = sourcecode.c.objc; path = NewDetailDishTbvCell.m; sourceTree = "<group>"; };
		42150DED205FAC18004E23FF /* ContentDetailDishDto.h */ = {isa = PBXFileReference; fileEncoding = 4; lastKnownFileType = sourcecode.c.h; path = ContentDetailDishDto.h; sourceTree = "<group>"; };
		42150DEE205FAC18004E23FF /* ContentDetailDishDto.m */ = {isa = PBXFileReference; fileEncoding = 4; lastKnownFileType = sourcecode.c.objc; path = ContentDetailDishDto.m; sourceTree = "<group>"; };
		42276A56206929D600F20ECC /* DetailDishCell.h */ = {isa = PBXFileReference; lastKnownFileType = sourcecode.c.h; path = DetailDishCell.h; sourceTree = "<group>"; };
		42276A57206929D600F20ECC /* DetailDishCell.m */ = {isa = PBXFileReference; lastKnownFileType = sourcecode.c.objc; path = DetailDishCell.m; sourceTree = "<group>"; };
		42350B0520750CA000FF1B21 /* HBanner.h */ = {isa = PBXFileReference; fileEncoding = 4; lastKnownFileType = sourcecode.c.h; path = HBanner.h; sourceTree = "<group>"; };
		42350B0620750CA000FF1B21 /* HBanner.m */ = {isa = PBXFileReference; fileEncoding = 4; lastKnownFileType = sourcecode.c.objc; path = HBanner.m; sourceTree = "<group>"; };
		42350B0720750CA000FF1B21 /* HBanner.xib */ = {isa = PBXFileReference; fileEncoding = 4; lastKnownFileType = file.xib; path = HBanner.xib; sourceTree = "<group>"; };
		42350B0920750CA000FF1B21 /* HBannerCell.h */ = {isa = PBXFileReference; fileEncoding = 4; lastKnownFileType = sourcecode.c.h; path = HBannerCell.h; sourceTree = "<group>"; };
		42350B0A20750CA000FF1B21 /* HBannerCell.m */ = {isa = PBXFileReference; fileEncoding = 4; lastKnownFileType = sourcecode.c.objc; path = HBannerCell.m; sourceTree = "<group>"; };
		42350B0B20750CA000FF1B21 /* HBannerCell.xib */ = {isa = PBXFileReference; fileEncoding = 4; lastKnownFileType = file.xib; path = HBannerCell.xib; sourceTree = "<group>"; };
		424AF9E1206A382100EFF1EB /* MaterialsDetailDishDto.h */ = {isa = PBXFileReference; lastKnownFileType = sourcecode.c.h; path = MaterialsDetailDishDto.h; sourceTree = "<group>"; };
		424AF9E2206A382100EFF1EB /* MaterialsDetailDishDto.m */ = {isa = PBXFileReference; lastKnownFileType = sourcecode.c.objc; path = MaterialsDetailDishDto.m; sourceTree = "<group>"; };
		42D16B39205B4E9500384BC4 /* Login.storyboard */ = {isa = PBXFileReference; lastKnownFileType = file.storyboard; path = Login.storyboard; sourceTree = "<group>"; };
		42D16B3C205B534300384BC4 /* MButton.h */ = {isa = PBXFileReference; fileEncoding = 4; lastKnownFileType = sourcecode.c.h; path = MButton.h; sourceTree = "<group>"; };
		42D16B3D205B534300384BC4 /* MButton.m */ = {isa = PBXFileReference; fileEncoding = 4; lastKnownFileType = sourcecode.c.objc; path = MButton.m; sourceTree = "<group>"; };
		42D16B43205B65EB00384BC4 /* WelcomeVC.h */ = {isa = PBXFileReference; lastKnownFileType = sourcecode.c.h; path = WelcomeVC.h; sourceTree = "<group>"; };
		42D16B44205B65EB00384BC4 /* WelcomeVC.m */ = {isa = PBXFileReference; lastKnownFileType = sourcecode.c.objc; path = WelcomeVC.m; sourceTree = "<group>"; };
		42D16B46205B660100384BC4 /* SignInVC.h */ = {isa = PBXFileReference; lastKnownFileType = sourcecode.c.h; path = SignInVC.h; sourceTree = "<group>"; };
		42D16B47205B660100384BC4 /* SignInVC.m */ = {isa = PBXFileReference; lastKnownFileType = sourcecode.c.objc; path = SignInVC.m; sourceTree = "<group>"; };
		42D16B49205B660E00384BC4 /* SignUpVC.h */ = {isa = PBXFileReference; lastKnownFileType = sourcecode.c.h; path = SignUpVC.h; sourceTree = "<group>"; };
		42D16B4A205B660E00384BC4 /* SignUpVC.m */ = {isa = PBXFileReference; lastKnownFileType = sourcecode.c.objc; path = SignUpVC.m; sourceTree = "<group>"; };
		42D327CE20788440003620D3 /* AppFood-Bridging-Header.h */ = {isa = PBXFileReference; lastKnownFileType = sourcecode.c.h; path = "AppFood-Bridging-Header.h"; sourceTree = "<group>"; };
		42D94A2D2058C582008C5202 /* SlideNavigationController.h */ = {isa = PBXFileReference; fileEncoding = 4; lastKnownFileType = sourcecode.c.h; path = SlideNavigationController.h; sourceTree = "<group>"; };
		42D94A2E2058C582008C5202 /* SlideNavigationController.m */ = {isa = PBXFileReference; fileEncoding = 4; lastKnownFileType = sourcecode.c.objc; path = SlideNavigationController.m; sourceTree = "<group>"; };
		42D94A332058C5A6008C5202 /* SlideNavigationContorllerAnimator.h */ = {isa = PBXFileReference; fileEncoding = 4; lastKnownFileType = sourcecode.c.h; path = SlideNavigationContorllerAnimator.h; sourceTree = "<group>"; };
		42D94A342058C5A6008C5202 /* SlideNavigationContorllerAnimatorFade.h */ = {isa = PBXFileReference; fileEncoding = 4; lastKnownFileType = sourcecode.c.h; path = SlideNavigationContorllerAnimatorFade.h; sourceTree = "<group>"; };
		42D94A352058C5A6008C5202 /* SlideNavigationContorllerAnimatorFade.m */ = {isa = PBXFileReference; fileEncoding = 4; lastKnownFileType = sourcecode.c.objc; path = SlideNavigationContorllerAnimatorFade.m; sourceTree = "<group>"; };
		42D94A362058C5A6008C5202 /* SlideNavigationContorllerAnimatorScale.h */ = {isa = PBXFileReference; fileEncoding = 4; lastKnownFileType = sourcecode.c.h; path = SlideNavigationContorllerAnimatorScale.h; sourceTree = "<group>"; };
		42D94A372058C5A6008C5202 /* SlideNavigationContorllerAnimatorScale.m */ = {isa = PBXFileReference; fileEncoding = 4; lastKnownFileType = sourcecode.c.objc; path = SlideNavigationContorllerAnimatorScale.m; sourceTree = "<group>"; };
		42D94A382058C5A6008C5202 /* SlideNavigationContorllerAnimatorScaleAndFade.h */ = {isa = PBXFileReference; fileEncoding = 4; lastKnownFileType = sourcecode.c.h; path = SlideNavigationContorllerAnimatorScaleAndFade.h; sourceTree = "<group>"; };
		42D94A392058C5A6008C5202 /* SlideNavigationContorllerAnimatorScaleAndFade.m */ = {isa = PBXFileReference; fileEncoding = 4; lastKnownFileType = sourcecode.c.objc; path = SlideNavigationContorllerAnimatorScaleAndFade.m; sourceTree = "<group>"; };
		42D94A3A2058C5A6008C5202 /* SlideNavigationContorllerAnimatorSlide.h */ = {isa = PBXFileReference; fileEncoding = 4; lastKnownFileType = sourcecode.c.h; path = SlideNavigationContorllerAnimatorSlide.h; sourceTree = "<group>"; };
		42D94A3B2058C5A6008C5202 /* SlideNavigationContorllerAnimatorSlide.m */ = {isa = PBXFileReference; fileEncoding = 4; lastKnownFileType = sourcecode.c.objc; path = SlideNavigationContorllerAnimatorSlide.m; sourceTree = "<group>"; };
		42D94A3C2058C5A6008C5202 /* SlideNavigationContorllerAnimatorSlideAndFade.h */ = {isa = PBXFileReference; fileEncoding = 4; lastKnownFileType = sourcecode.c.h; path = SlideNavigationContorllerAnimatorSlideAndFade.h; sourceTree = "<group>"; };
		42D94A3D2058C5A6008C5202 /* SlideNavigationContorllerAnimatorSlideAndFade.m */ = {isa = PBXFileReference; fileEncoding = 4; lastKnownFileType = sourcecode.c.objc; path = SlideNavigationContorllerAnimatorSlideAndFade.m; sourceTree = "<group>"; };
		42E9DF282075FAA20050EE8E /* DishTypeListCell.h */ = {isa = PBXFileReference; lastKnownFileType = sourcecode.c.h; path = DishTypeListCell.h; sourceTree = "<group>"; };
		42E9DF292075FAA20050EE8E /* DishTypeListCell.m */ = {isa = PBXFileReference; lastKnownFileType = sourcecode.c.objc; path = DishTypeListCell.m; sourceTree = "<group>"; };
		42E9DF2C2075FC730050EE8E /* DishListCell.h */ = {isa = PBXFileReference; lastKnownFileType = sourcecode.c.h; path = DishListCell.h; sourceTree = "<group>"; };
		42E9DF2D2075FC730050EE8E /* DishListCell.m */ = {isa = PBXFileReference; lastKnownFileType = sourcecode.c.objc; path = DishListCell.m; sourceTree = "<group>"; };
		93852F45A48A349F33CA59C9 /* Pods-AppFoodUITests.release.xcconfig */ = {isa = PBXFileReference; includeInIndex = 1; lastKnownFileType = text.xcconfig; name = "Pods-AppFoodUITests.release.xcconfig"; path = "Pods/Target Support Files/Pods-AppFoodUITests/Pods-AppFoodUITests.release.xcconfig"; sourceTree = "<group>"; };
		98B806FA9E9536EFE1107895 /* Pods-AppFood.release.xcconfig */ = {isa = PBXFileReference; includeInIndex = 1; lastKnownFileType = text.xcconfig; name = "Pods-AppFood.release.xcconfig"; path = "Pods/Target Support Files/Pods-AppFood/Pods-AppFood.release.xcconfig"; sourceTree = "<group>"; };
		BADFC49C246072D3785D4196 /* Pods-AppFood.debug.xcconfig */ = {isa = PBXFileReference; includeInIndex = 1; lastKnownFileType = text.xcconfig; name = "Pods-AppFood.debug.xcconfig"; path = "Pods/Target Support Files/Pods-AppFood/Pods-AppFood.debug.xcconfig"; sourceTree = "<group>"; };
		CA11035C205A686300905CC4 /* DishListVC.h */ = {isa = PBXFileReference; lastKnownFileType = sourcecode.c.h; path = DishListVC.h; sourceTree = "<group>"; };
		CA11035D205A686300905CC4 /* DishListVC.m */ = {isa = PBXFileReference; lastKnownFileType = sourcecode.c.objc; path = DishListVC.m; sourceTree = "<group>"; };
		CA4311EF205971DA003A3568 /* API.h */ = {isa = PBXFileReference; lastKnownFileType = sourcecode.c.h; path = API.h; sourceTree = "<group>"; };
		CA4311F0205971DA003A3568 /* API.m */ = {isa = PBXFileReference; lastKnownFileType = sourcecode.c.objc; path = API.m; sourceTree = "<group>"; };
		CA604D442051287000038AA9 /* BaseCell.h */ = {isa = PBXFileReference; lastKnownFileType = sourcecode.c.h; path = BaseCell.h; sourceTree = "<group>"; };
		CA604D452051287000038AA9 /* BaseCell.m */ = {isa = PBXFileReference; lastKnownFileType = sourcecode.c.objc; path = BaseCell.m; sourceTree = "<group>"; };
		CA604D4820512A3100038AA9 /* BaseTBV.h */ = {isa = PBXFileReference; lastKnownFileType = sourcecode.c.h; path = BaseTBV.h; sourceTree = "<group>"; };
		CA604D4920512A3100038AA9 /* BaseTBV.m */ = {isa = PBXFileReference; lastKnownFileType = sourcecode.c.objc; path = BaseTBV.m; sourceTree = "<group>"; };
		CA604D5420513AA700038AA9 /* SupportVC.h */ = {isa = PBXFileReference; lastKnownFileType = sourcecode.c.h; path = SupportVC.h; sourceTree = "<group>"; };
		CA604D5520513AA700038AA9 /* SupportVC.m */ = {isa = PBXFileReference; lastKnownFileType = sourcecode.c.objc; path = SupportVC.m; sourceTree = "<group>"; };
		CA604D5920513D3B00038AA9 /* define.h */ = {isa = PBXFileReference; fileEncoding = 4; lastKnownFileType = sourcecode.c.h; path = define.h; sourceTree = "<group>"; };
		CA6F26F42051154D000D38C7 /* AppFood.app */ = {isa = PBXFileReference; explicitFileType = wrapper.application; includeInIndex = 0; path = AppFood.app; sourceTree = BUILT_PRODUCTS_DIR; };
		CA6F26F72051154D000D38C7 /* AppDelegate.h */ = {isa = PBXFileReference; lastKnownFileType = sourcecode.c.h; path = AppDelegate.h; sourceTree = "<group>"; };
		CA6F26F82051154D000D38C7 /* AppDelegate.m */ = {isa = PBXFileReference; lastKnownFileType = sourcecode.c.objc; path = AppDelegate.m; sourceTree = "<group>"; };
		CA6F26FE2051154D000D38C7 /* Base */ = {isa = PBXFileReference; lastKnownFileType = file.storyboard; name = Base; path = Base.lproj/Main.storyboard; sourceTree = "<group>"; };
		CA6F27002051154D000D38C7 /* Assets.xcassets */ = {isa = PBXFileReference; lastKnownFileType = folder.assetcatalog; path = Assets.xcassets; sourceTree = "<group>"; };
		CA6F27032051154D000D38C7 /* Base */ = {isa = PBXFileReference; lastKnownFileType = file.storyboard; name = Base; path = Base.lproj/LaunchScreen.storyboard; sourceTree = "<group>"; };
		CA6F27052051154D000D38C7 /* Info.plist */ = {isa = PBXFileReference; lastKnownFileType = text.plist.xml; path = Info.plist; sourceTree = "<group>"; };
		CA6F27062051154D000D38C7 /* main.m */ = {isa = PBXFileReference; lastKnownFileType = sourcecode.c.objc; path = main.m; sourceTree = "<group>"; };
		CA6F270C2051154D000D38C7 /* AppFoodUITests.xctest */ = {isa = PBXFileReference; explicitFileType = wrapper.cfbundle; includeInIndex = 0; path = AppFoodUITests.xctest; sourceTree = BUILT_PRODUCTS_DIR; };
		CA6F27102051154D000D38C7 /* AppFoodUITests.m */ = {isa = PBXFileReference; lastKnownFileType = sourcecode.c.objc; path = AppFoodUITests.m; sourceTree = "<group>"; };
		CA6F27122051154D000D38C7 /* Info.plist */ = {isa = PBXFileReference; lastKnownFileType = text.plist.xml; path = Info.plist; sourceTree = "<group>"; };
		CA6F27292051186B000D38C7 /* BaseVC.h */ = {isa = PBXFileReference; lastKnownFileType = sourcecode.c.h; path = BaseVC.h; sourceTree = "<group>"; };
		CA6F272A2051186B000D38C7 /* BaseVC.m */ = {isa = PBXFileReference; lastKnownFileType = sourcecode.c.objc; path = BaseVC.m; sourceTree = "<group>"; };
		CA6F272C2051187D000D38C7 /* MenuVC.h */ = {isa = PBXFileReference; lastKnownFileType = sourcecode.c.h; path = MenuVC.h; sourceTree = "<group>"; };
		CA6F272D2051187D000D38C7 /* MenuVC.m */ = {isa = PBXFileReference; lastKnownFileType = sourcecode.c.objc; path = MenuVC.m; sourceTree = "<group>"; };
		CA70139220762F4F00962831 /* UIView+Util.h */ = {isa = PBXFileReference; fileEncoding = 4; lastKnownFileType = sourcecode.c.h; path = "UIView+Util.h"; sourceTree = "<group>"; };
		CA70139320762F4F00962831 /* UIView+Util.m */ = {isa = PBXFileReference; fileEncoding = 4; lastKnownFileType = sourcecode.c.objc; path = "UIView+Util.m"; sourceTree = "<group>"; };
		CA7D32B920525D2E00599755 /* BaseNV.h */ = {isa = PBXFileReference; lastKnownFileType = sourcecode.c.h; path = BaseNV.h; sourceTree = "<group>"; };
		CA7D32BA20525D2E00599755 /* BaseNV.m */ = {isa = PBXFileReference; lastKnownFileType = sourcecode.c.objc; path = BaseNV.m; sourceTree = "<group>"; };
		CA7D32BC2052629000599755 /* Support.storyboard */ = {isa = PBXFileReference; lastKnownFileType = file.storyboard; path = Support.storyboard; sourceTree = "<group>"; };
		CA7D32C22052655200599755 /* ListFood.storyboard */ = {isa = PBXFileReference; lastKnownFileType = file.storyboard; path = ListFood.storyboard; sourceTree = "<group>"; };
		CA7D32C920526AC600599755 /* BaseDto.h */ = {isa = PBXFileReference; lastKnownFileType = sourcecode.c.h; path = BaseDto.h; sourceTree = "<group>"; };
		CA7D32CA20526AC600599755 /* BaseDto.m */ = {isa = PBXFileReference; lastKnownFileType = sourcecode.c.objc; path = BaseDto.m; sourceTree = "<group>"; };
		CA7D32CD20526AE900599755 /* MenuDto.h */ = {isa = PBXFileReference; lastKnownFileType = sourcecode.c.h; path = MenuDto.h; sourceTree = "<group>"; };
		CA7D32CE20526AE900599755 /* MenuDto.m */ = {isa = PBXFileReference; lastKnownFileType = sourcecode.c.objc; path = MenuDto.m; sourceTree = "<group>"; };
		CA7D32D12052727000599755 /* FavouriteListVC.h */ = {isa = PBXFileReference; lastKnownFileType = sourcecode.c.h; path = FavouriteListVC.h; sourceTree = "<group>"; };
		CA7D32D22052727000599755 /* FavouriteListVC.m */ = {isa = PBXFileReference; lastKnownFileType = sourcecode.c.objc; path = FavouriteListVC.m; sourceTree = "<group>"; };
		CA7D32D52052728B00599755 /* DetailDishVC.h */ = {isa = PBXFileReference; lastKnownFileType = sourcecode.c.h; path = DetailDishVC.h; sourceTree = "<group>"; };
		CA7D32D62052728B00599755 /* DetailDishVC.m */ = {isa = PBXFileReference; lastKnownFileType = sourcecode.c.objc; path = DetailDishVC.m; sourceTree = "<group>"; };
		CA7D32D92052729E00599755 /* DishTypeListVC.h */ = {isa = PBXFileReference; lastKnownFileType = sourcecode.c.h; path = DishTypeListVC.h; sourceTree = "<group>"; };
		CA7D32DA2052729E00599755 /* DishTypeListVC.m */ = {isa = PBXFileReference; lastKnownFileType = sourcecode.c.objc; path = DishTypeListVC.m; sourceTree = "<group>"; };
		CA7F70EB205A132B007F93C0 /* ListDishDto.h */ = {isa = PBXFileReference; lastKnownFileType = sourcecode.c.h; path = ListDishDto.h; sourceTree = "<group>"; };
		CA7F70EC205A132B007F93C0 /* ListDishDto.m */ = {isa = PBXFileReference; lastKnownFileType = sourcecode.c.objc; path = ListDishDto.m; sourceTree = "<group>"; };
		CA7F70EE205A133F007F93C0 /* DetailDishDto.h */ = {isa = PBXFileReference; lastKnownFileType = sourcecode.c.h; path = DetailDishDto.h; sourceTree = "<group>"; };
		CA7F70EF205A133F007F93C0 /* DetailDishDto.m */ = {isa = PBXFileReference; lastKnownFileType = sourcecode.c.objc; path = DetailDishDto.m; sourceTree = "<group>"; };
		CA86EFF92077CFDE00115699 /* NewDetailDishVC.h */ = {isa = PBXFileReference; lastKnownFileType = sourcecode.c.h; path = NewDetailDishVC.h; sourceTree = "<group>"; };
		CA86EFFA2077CFDE00115699 /* NewDetailDishVC.m */ = {isa = PBXFileReference; lastKnownFileType = sourcecode.c.objc; path = NewDetailDishVC.m; sourceTree = "<group>"; };
		CA86EFFC2077D00000115699 /* NewDetail.storyboard */ = {isa = PBXFileReference; lastKnownFileType = file.storyboard; path = NewDetail.storyboard; sourceTree = "<group>"; };
		CA86EFFF2077D3BF00115699 /* BaseColCell.h */ = {isa = PBXFileReference; lastKnownFileType = sourcecode.c.h; path = BaseColCell.h; sourceTree = "<group>"; };
		CA86F0002077D3BF00115699 /* BaseColCell.m */ = {isa = PBXFileReference; lastKnownFileType = sourcecode.c.objc; path = BaseColCell.m; sourceTree = "<group>"; };
		CA86F0032077D3E400115699 /* InfoDetailDishCell.h */ = {isa = PBXFileReference; lastKnownFileType = sourcecode.c.h; path = InfoDetailDishCell.h; sourceTree = "<group>"; };
		CA86F0042077D3E400115699 /* InfoDetailDishCell.m */ = {isa = PBXFileReference; lastKnownFileType = sourcecode.c.objc; path = InfoDetailDishCell.m; sourceTree = "<group>"; };
		CA86F00A2077D41C00115699 /* IngredientDetailDishCell.h */ = {isa = PBXFileReference; lastKnownFileType = sourcecode.c.h; path = IngredientDetailDishCell.h; sourceTree = "<group>"; };
		CA86F00B2077D41C00115699 /* IngredientDetailDishCell.m */ = {isa = PBXFileReference; lastKnownFileType = sourcecode.c.objc; path = IngredientDetailDishCell.m; sourceTree = "<group>"; };
		CA86F00E2077D43E00115699 /* StepsDetailDishCell.h */ = {isa = PBXFileReference; lastKnownFileType = sourcecode.c.h; path = StepsDetailDishCell.h; sourceTree = "<group>"; };
		CA86F00F2077D43E00115699 /* StepsDetailDishCell.m */ = {isa = PBXFileReference; lastKnownFileType = sourcecode.c.objc; path = StepsDetailDishCell.m; sourceTree = "<group>"; };
		CA86F0122077D45200115699 /* TypeDetailDishCell.h */ = {isa = PBXFileReference; lastKnownFileType = sourcecode.c.h; path = TypeDetailDishCell.h; sourceTree = "<group>"; };
		CA86F0132077D45200115699 /* TypeDetailDishCell.m */ = {isa = PBXFileReference; lastKnownFileType = sourcecode.c.objc; path = TypeDetailDishCell.m; sourceTree = "<group>"; };
		CAE60955205BA4B200BB3D86 /* UserDto.h */ = {isa = PBXFileReference; lastKnownFileType = sourcecode.c.h; path = UserDto.h; sourceTree = "<group>"; };
		CAE60956205BA4B200BB3D86 /* UserDto.m */ = {isa = PBXFileReference; lastKnownFileType = sourcecode.c.objc; path = UserDto.m; sourceTree = "<group>"; };
		CAE60959205BAC5900BB3D86 /* Configure.h */ = {isa = PBXFileReference; lastKnownFileType = sourcecode.c.h; path = Configure.h; sourceTree = "<group>"; };
		CAE6095A205BAC5900BB3D86 /* Configure.m */ = {isa = PBXFileReference; lastKnownFileType = sourcecode.c.objc; path = Configure.m; sourceTree = "<group>"; };
		E27F32BDAA9DC9224D7508EA /* Pods_AppFood.framework */ = {isa = PBXFileReference; explicitFileType = wrapper.framework; includeInIndex = 0; path = Pods_AppFood.framework; sourceTree = BUILT_PRODUCTS_DIR; };
		F4E643992F60F00CE5A24DAE /* Pods_AppFoodUITests.framework */ = {isa = PBXFileReference; explicitFileType = wrapper.framework; includeInIndex = 0; path = Pods_AppFoodUITests.framework; sourceTree = BUILT_PRODUCTS_DIR; };
/* End PBXFileReference section */

/* Begin PBXFrameworksBuildPhase section */
		CA6F26F12051154D000D38C7 /* Frameworks */ = {
			isa = PBXFrameworksBuildPhase;
			buildActionMask = 2147483647;
			files = (
				F54F4B32B4B708801E871879 /* Pods_AppFood.framework in Frameworks */,
			);
			runOnlyForDeploymentPostprocessing = 0;
		};
		CA6F27092051154D000D38C7 /* Frameworks */ = {
			isa = PBXFrameworksBuildPhase;
			buildActionMask = 2147483647;
			files = (
				8A664C0BEB9B5811D8BD506D /* Pods_AppFoodUITests.framework in Frameworks */,
			);
			runOnlyForDeploymentPostprocessing = 0;
		};
/* End PBXFrameworksBuildPhase section */

/* Begin PBXGroup section */
		2A80B2508C83DFD5D035CF88 /* Pods */ = {
			isa = PBXGroup;
			children = (
				BADFC49C246072D3785D4196 /* Pods-AppFood.debug.xcconfig */,
				98B806FA9E9536EFE1107895 /* Pods-AppFood.release.xcconfig */,
				0C4D3CE434AF4D4085BB6BF3 /* Pods-AppFoodUITests.debug.xcconfig */,
				93852F45A48A349F33CA59C9 /* Pods-AppFoodUITests.release.xcconfig */,
			);
			name = Pods;
			sourceTree = "<group>";
		};
		4209EEC02078718D00371F9B /* NewDetailDishTbvCell */ = {
			isa = PBXGroup;
			children = (
				4209EEC1207871B700371F9B /* NewDetailDishTbvCell.h */,
				4209EEC2207871B700371F9B /* NewDetailDishTbvCell.m */,
			);
			path = NewDetailDishTbvCell;
			sourceTree = "<group>";
		};
		42150DEC205FAC18004E23FF /* ContentDetailDishDto */ = {
			isa = PBXGroup;
			children = (
				42150DED205FAC18004E23FF /* ContentDetailDishDto.h */,
				42150DEE205FAC18004E23FF /* ContentDetailDishDto.m */,
			);
			path = ContentDetailDishDto;
			sourceTree = "<group>";
		};
		42276A55206929B500F20ECC /* DetailDishCell */ = {
			isa = PBXGroup;
			children = (
				42276A56206929D600F20ECC /* DetailDishCell.h */,
				42276A57206929D600F20ECC /* DetailDishCell.m */,
			);
			path = DetailDishCell;
			sourceTree = "<group>";
		};
		42350B0420750CA000FF1B21 /* HBanner */ = {
			isa = PBXGroup;
			children = (
				42350B0520750CA000FF1B21 /* HBanner.h */,
				42350B0620750CA000FF1B21 /* HBanner.m */,
				42350B0720750CA000FF1B21 /* HBanner.xib */,
				42350B0820750CA000FF1B21 /* HBannerCell */,
			);
			path = HBanner;
			sourceTree = "<group>";
		};
		42350B0820750CA000FF1B21 /* HBannerCell */ = {
			isa = PBXGroup;
			children = (
				42350B0920750CA000FF1B21 /* HBannerCell.h */,
				42350B0A20750CA000FF1B21 /* HBannerCell.m */,
				42350B0B20750CA000FF1B21 /* HBannerCell.xib */,
			);
			path = HBannerCell;
			sourceTree = "<group>";
		};
		424AF9E0206A37CF00EFF1EB /* MaterialsDetailDishDto */ = {
			isa = PBXGroup;
			children = (
				424AF9E1206A382100EFF1EB /* MaterialsDetailDishDto.h */,
				424AF9E2206A382100EFF1EB /* MaterialsDetailDishDto.m */,
			);
			path = MaterialsDetailDishDto;
			sourceTree = "<group>";
		};
		42D16B3B205B534300384BC4 /* MButton */ = {
			isa = PBXGroup;
			children = (
				42D16B3C205B534300384BC4 /* MButton.h */,
				42D16B3D205B534300384BC4 /* MButton.m */,
			);
			path = MButton;
			sourceTree = "<group>";
		};
		42D16B3F205B658500384BC4 /* LoginVC */ = {
			isa = PBXGroup;
			children = (
				42D16B42205B65AB00384BC4 /* SignUpVC */,
				42D16B41205B659A00384BC4 /* SignInVC */,
				42D16B40205B659000384BC4 /* WelcomeVC */,
			);
			path = LoginVC;
			sourceTree = "<group>";
		};
		42D16B40205B659000384BC4 /* WelcomeVC */ = {
			isa = PBXGroup;
			children = (
				42D16B43205B65EB00384BC4 /* WelcomeVC.h */,
				42D16B44205B65EB00384BC4 /* WelcomeVC.m */,
			);
			path = WelcomeVC;
			sourceTree = "<group>";
		};
		42D16B41205B659A00384BC4 /* SignInVC */ = {
			isa = PBXGroup;
			children = (
				42D16B46205B660100384BC4 /* SignInVC.h */,
				42D16B47205B660100384BC4 /* SignInVC.m */,
			);
			path = SignInVC;
			sourceTree = "<group>";
		};
		42D16B42205B65AB00384BC4 /* SignUpVC */ = {
			isa = PBXGroup;
			children = (
				42D16B49205B660E00384BC4 /* SignUpVC.h */,
				42D16B4A205B660E00384BC4 /* SignUpVC.m */,
			);
			path = SignUpVC;
			sourceTree = "<group>";
		};
		42D94A2C2058C568008C5202 /* SlideNavigationController */ = {
			isa = PBXGroup;
			children = (
				42D94A2D2058C582008C5202 /* SlideNavigationController.h */,
				42D94A2E2058C582008C5202 /* SlideNavigationController.m */,
			);
			path = SlideNavigationController;
			sourceTree = "<group>";
		};
		42D94A322058C5A6008C5202 /* AnimationsSlideNav */ = {
			isa = PBXGroup;
			children = (
				42D94A332058C5A6008C5202 /* SlideNavigationContorllerAnimator.h */,
				42D94A342058C5A6008C5202 /* SlideNavigationContorllerAnimatorFade.h */,
				42D94A352058C5A6008C5202 /* SlideNavigationContorllerAnimatorFade.m */,
				42D94A362058C5A6008C5202 /* SlideNavigationContorllerAnimatorScale.h */,
				42D94A372058C5A6008C5202 /* SlideNavigationContorllerAnimatorScale.m */,
				42D94A382058C5A6008C5202 /* SlideNavigationContorllerAnimatorScaleAndFade.h */,
				42D94A392058C5A6008C5202 /* SlideNavigationContorllerAnimatorScaleAndFade.m */,
				42D94A3A2058C5A6008C5202 /* SlideNavigationContorllerAnimatorSlide.h */,
				42D94A3B2058C5A6008C5202 /* SlideNavigationContorllerAnimatorSlide.m */,
				42D94A3C2058C5A6008C5202 /* SlideNavigationContorllerAnimatorSlideAndFade.h */,
				42D94A3D2058C5A6008C5202 /* SlideNavigationContorllerAnimatorSlideAndFade.m */,
			);
			path = AnimationsSlideNav;
			sourceTree = "<group>";
		};
		42D94A432058CF4D008C5202 /* Manager */ = {
			isa = PBXGroup;
			children = (
				CAE60958205BAC4000BB3D86 /* Configure */,
				CA4311EE205971CC003A3568 /* API */,
			);
			path = Manager;
			sourceTree = "<group>";
		};
		42E9DF272075FA880050EE8E /* DishTypeListCell */ = {
			isa = PBXGroup;
			children = (
				42E9DF282075FAA20050EE8E /* DishTypeListCell.h */,
				42E9DF292075FAA20050EE8E /* DishTypeListCell.m */,
			);
			path = DishTypeListCell;
			sourceTree = "<group>";
		};
		42EBF38F2075E2E80086FB77 /* DishListCell */ = {
			isa = PBXGroup;
			children = (
				42E9DF2C2075FC730050EE8E /* DishListCell.h */,
				42E9DF2D2075FC730050EE8E /* DishListCell.m */,
			);
			path = DishListCell;
			sourceTree = "<group>";
		};
		CA11035B205A684700905CC4 /* DishListVC */ = {
			isa = PBXGroup;
			children = (
				42EBF38F2075E2E80086FB77 /* DishListCell */,
				CA11035C205A686300905CC4 /* DishListVC.h */,
				CA11035D205A686300905CC4 /* DishListVC.m */,
			);
			path = DishListVC;
			sourceTree = "<group>";
		};
		CA4311EE205971CC003A3568 /* API */ = {
			isa = PBXGroup;
			children = (
				CA4311EF205971DA003A3568 /* API.h */,
				CA4311F0205971DA003A3568 /* API.m */,
			);
			path = API;
			sourceTree = "<group>";
		};
		CA604D432051285A00038AA9 /* BaseCell */ = {
			isa = PBXGroup;
			children = (
				CA604D442051287000038AA9 /* BaseCell.h */,
				CA604D452051287000038AA9 /* BaseCell.m */,
			);
			path = BaseCell;
			sourceTree = "<group>";
		};
		CA604D4720512A1E00038AA9 /* BaseTbv */ = {
			isa = PBXGroup;
			children = (
				CA604D4820512A3100038AA9 /* BaseTBV.h */,
				CA604D4920512A3100038AA9 /* BaseTBV.m */,
			);
			path = BaseTbv;
			sourceTree = "<group>";
		};
		CA604D5320513A7D00038AA9 /* SupportVC */ = {
			isa = PBXGroup;
			children = (
				CA604D5420513AA700038AA9 /* SupportVC.h */,
				CA604D5520513AA700038AA9 /* SupportVC.m */,
			);
			path = SupportVC;
			sourceTree = "<group>";
		};
		CA6F26EB2051154D000D38C7 = {
			isa = PBXGroup;
			children = (
				42D327CE20788440003620D3 /* AppFood-Bridging-Header.h */,
				CA6F26F62051154D000D38C7 /* AppFood */,
				CA6F270F2051154D000D38C7 /* AppFoodUITests */,
				CA6F26F52051154D000D38C7 /* Products */,
				2A80B2508C83DFD5D035CF88 /* Pods */,
				E98553B3EDCE16409FE48F32 /* Frameworks */,
			);
			sourceTree = "<group>";
		};
		CA6F26F52051154D000D38C7 /* Products */ = {
			isa = PBXGroup;
			children = (
				CA6F26F42051154D000D38C7 /* AppFood.app */,
				CA6F270C2051154D000D38C7 /* AppFoodUITests.xctest */,
			);
			name = Products;
			sourceTree = "<group>";
		};
		CA6F26F62051154D000D38C7 /* AppFood */ = {
			isa = PBXGroup;
			children = (
				CA6F271D205115EA000D38C7 /* Classes */,
				CA6F2725205116A5000D38C7 /* Resources */,
				CA6F27002051154D000D38C7 /* Assets.xcassets */,
				CA6F27052051154D000D38C7 /* Info.plist */,
				CA6F27062051154D000D38C7 /* main.m */,
			);
			path = AppFood;
			sourceTree = "<group>";
		};
		CA6F270F2051154D000D38C7 /* AppFoodUITests */ = {
			isa = PBXGroup;
			children = (
				CA6F27102051154D000D38C7 /* AppFoodUITests.m */,
				CA6F27122051154D000D38C7 /* Info.plist */,
			);
			path = AppFoodUITests;
			sourceTree = "<group>";
		};
		CA6F271D205115EA000D38C7 /* Classes */ = {
			isa = PBXGroup;
			children = (
				42D94A432058CF4D008C5202 /* Manager */,
				CA6F272420511667000D38C7 /* Views */,
				CA6F272320511650000D38C7 /* Controllers */,
				CA6F272020511625000D38C7 /* Models */,
				CA6F271E205115FD000D38C7 /* AppDelegate */,
			);
			path = Classes;
			sourceTree = "<group>";
		};
		CA6F271E205115FD000D38C7 /* AppDelegate */ = {
			isa = PBXGroup;
			children = (
				CA6F26F72051154D000D38C7 /* AppDelegate.h */,
				CA6F26F82051154D000D38C7 /* AppDelegate.m */,
			);
			path = AppDelegate;
			sourceTree = "<group>";
		};
		CA6F272020511625000D38C7 /* Models */ = {
			isa = PBXGroup;
			children = (
				CAE60954205BA4A100BB3D86 /* UserDto */,
				CA7F70E6205A12E2007F93C0 /* DetailDishDto */,
				CA7F70E5205A12CC007F93C0 /* ListDishDto */,
				CA7D32CC20526ACA00599755 /* BaseDto */,
				CA7D32C820526AA600599755 /* MenuDto */,
			);
			path = Models;
			sourceTree = "<group>";
		};
		CA6F272320511650000D38C7 /* Controllers */ = {
			isa = PBXGroup;
			children = (
				CA604D5920513D3B00038AA9 /* define.h */,
				CA86EFF72077CE7200115699 /* NewDetailDishVC */,
				42D16B3F205B658500384BC4 /* LoginVC */,
				CA7D32B820525D0700599755 /* BaseNV */,
				CA604D4720512A1E00038AA9 /* BaseTbv */,
				CA604D432051285A00038AA9 /* BaseCell */,
				CA6F272820511855000D38C7 /* BaseVC */,
				CA6F272720511845000D38C7 /* MenuVC */,
				CA11035B205A684700905CC4 /* DishListVC */,
				CA7D32D82052729100599755 /* DishTypeListVC */,
				CA7D32D42052728000599755 /* DetailDishVC */,
				CA7D32D02052724800599755 /* FavouriteListVC */,
				CA604D5320513A7D00038AA9 /* SupportVC */,
				CA86F0022077D3CB00115699 /* BaseColCell */,
			);
			path = Controllers;
			sourceTree = "<group>";
		};
		CA6F272420511667000D38C7 /* Views */ = {
			isa = PBXGroup;
			children = (
				CA70139120762F4F00962831 /* View */,
				42350B0420750CA000FF1B21 /* HBanner */,
				42D16B3B205B534300384BC4 /* MButton */,
				42D94A322058C5A6008C5202 /* AnimationsSlideNav */,
				42D94A2C2058C568008C5202 /* SlideNavigationController */,
			);
			path = Views;
			sourceTree = "<group>";
		};
		CA6F2725205116A5000D38C7 /* Resources */ = {
			isa = PBXGroup;
			children = (
				CA6F2726205116C1000D38C7 /* Storyboard */,
			);
			path = Resources;
			sourceTree = "<group>";
		};
		CA6F2726205116C1000D38C7 /* Storyboard */ = {
			isa = PBXGroup;
			children = (
				CA6F26FD2051154D000D38C7 /* Main.storyboard */,
				CA7D32BC2052629000599755 /* Support.storyboard */,
				CA6F27022051154D000D38C7 /* LaunchScreen.storyboard */,
				CA7D32C22052655200599755 /* ListFood.storyboard */,
				42D16B39205B4E9500384BC4 /* Login.storyboard */,
				CA86EFFC2077D00000115699 /* NewDetail.storyboard */,
			);
			path = Storyboard;
			sourceTree = "<group>";
		};
		CA6F272720511845000D38C7 /* MenuVC */ = {
			isa = PBXGroup;
			children = (
				CA6F272C2051187D000D38C7 /* MenuVC.h */,
				CA6F272D2051187D000D38C7 /* MenuVC.m */,
			);
			path = MenuVC;
			sourceTree = "<group>";
		};
		CA6F272820511855000D38C7 /* BaseVC */ = {
			isa = PBXGroup;
			children = (
				CA6F27292051186B000D38C7 /* BaseVC.h */,
				CA6F272A2051186B000D38C7 /* BaseVC.m */,
			);
			path = BaseVC;
			sourceTree = "<group>";
		};
		CA70139120762F4F00962831 /* View */ = {
			isa = PBXGroup;
			children = (
				CA70139220762F4F00962831 /* UIView+Util.h */,
				CA70139320762F4F00962831 /* UIView+Util.m */,
			);
			path = View;
			sourceTree = "<group>";
		};
		CA7D32B820525D0700599755 /* BaseNV */ = {
			isa = PBXGroup;
			children = (
				CA7D32B920525D2E00599755 /* BaseNV.h */,
				CA7D32BA20525D2E00599755 /* BaseNV.m */,
			);
			path = BaseNV;
			sourceTree = "<group>";
		};
		CA7D32C820526AA600599755 /* MenuDto */ = {
			isa = PBXGroup;
			children = (
				CA7D32CD20526AE900599755 /* MenuDto.h */,
				CA7D32CE20526AE900599755 /* MenuDto.m */,
			);
			path = MenuDto;
			sourceTree = "<group>";
		};
		CA7D32CC20526ACA00599755 /* BaseDto */ = {
			isa = PBXGroup;
			children = (
				CA7D32C920526AC600599755 /* BaseDto.h */,
				CA7D32CA20526AC600599755 /* BaseDto.m */,
			);
			path = BaseDto;
			sourceTree = "<group>";
		};
		CA7D32D02052724800599755 /* FavouriteListVC */ = {
			isa = PBXGroup;
			children = (
				CA7D32D12052727000599755 /* FavouriteListVC.h */,
				CA7D32D22052727000599755 /* FavouriteListVC.m */,
			);
			path = FavouriteListVC;
			sourceTree = "<group>";
		};
		CA7D32D42052728000599755 /* DetailDishVC */ = {
			isa = PBXGroup;
			children = (
				42276A55206929B500F20ECC /* DetailDishCell */,
				CA7D32D52052728B00599755 /* DetailDishVC.h */,
				CA7D32D62052728B00599755 /* DetailDishVC.m */,
			);
			path = DetailDishVC;
			sourceTree = "<group>";
		};
		CA7D32D82052729100599755 /* DishTypeListVC */ = {
			isa = PBXGroup;
			children = (
				42E9DF272075FA880050EE8E /* DishTypeListCell */,
				CA7D32D92052729E00599755 /* DishTypeListVC.h */,
				CA7D32DA2052729E00599755 /* DishTypeListVC.m */,
			);
			path = DishTypeListVC;
			sourceTree = "<group>";
		};
		CA7F70E5205A12CC007F93C0 /* ListDishDto */ = {
			isa = PBXGroup;
			children = (
				CA7F70EB205A132B007F93C0 /* ListDishDto.h */,
				CA7F70EC205A132B007F93C0 /* ListDishDto.m */,
			);
			path = ListDishDto;
			sourceTree = "<group>";
		};
		CA7F70E6205A12E2007F93C0 /* DetailDishDto */ = {
			isa = PBXGroup;
			children = (
				424AF9E0206A37CF00EFF1EB /* MaterialsDetailDishDto */,
				42150DEC205FAC18004E23FF /* ContentDetailDishDto */,
				CA7F70EE205A133F007F93C0 /* DetailDishDto.h */,
				CA7F70EF205A133F007F93C0 /* DetailDishDto.m */,
			);
			path = DetailDishDto;
			sourceTree = "<group>";
		};
		CA86EFF72077CE7200115699 /* NewDetailDishVC */ = {
			isa = PBXGroup;
			children = (
				4209EEC02078718D00371F9B /* NewDetailDishTbvCell */,
				CA86F0112077D44200115699 /* TypeDetailDishCell */,
				CA86F00D2077D42C00115699 /* StepsDetailDishCell */,
				CA86F0062077D3E800115699 /* IngredientDetailDishCell */,
				CA86EFFE2077D38D00115699 /* InfoDetailDishCell */,
				CA86EFF92077CFDE00115699 /* NewDetailDishVC.h */,
				CA86EFFA2077CFDE00115699 /* NewDetailDishVC.m */,
			);
			path = NewDetailDishVC;
			sourceTree = "<group>";
		};
		CA86EFFE2077D38D00115699 /* InfoDetailDishCell */ = {
			isa = PBXGroup;
			children = (
				CA86F0032077D3E400115699 /* InfoDetailDishCell.h */,
				CA86F0042077D3E400115699 /* InfoDetailDishCell.m */,
			);
			path = InfoDetailDishCell;
			sourceTree = "<group>";
		};
		CA86F0022077D3CB00115699 /* BaseColCell */ = {
			isa = PBXGroup;
			children = (
				CA86EFFF2077D3BF00115699 /* BaseColCell.h */,
				CA86F0002077D3BF00115699 /* BaseColCell.m */,
			);
			name = BaseColCell;
			sourceTree = "<group>";
		};
		CA86F0062077D3E800115699 /* IngredientDetailDishCell */ = {
			isa = PBXGroup;
			children = (
				CA86F00A2077D41C00115699 /* IngredientDetailDishCell.h */,
				CA86F00B2077D41C00115699 /* IngredientDetailDishCell.m */,
			);
			path = IngredientDetailDishCell;
			sourceTree = "<group>";
		};
		CA86F00D2077D42C00115699 /* StepsDetailDishCell */ = {
			isa = PBXGroup;
			children = (
				CA86F00E2077D43E00115699 /* StepsDetailDishCell.h */,
				CA86F00F2077D43E00115699 /* StepsDetailDishCell.m */,
			);
			path = StepsDetailDishCell;
			sourceTree = "<group>";
		};
		CA86F0112077D44200115699 /* TypeDetailDishCell */ = {
			isa = PBXGroup;
			children = (
				CA86F0122077D45200115699 /* TypeDetailDishCell.h */,
				CA86F0132077D45200115699 /* TypeDetailDishCell.m */,
			);
			path = TypeDetailDishCell;
			sourceTree = "<group>";
		};
		CAE60954205BA4A100BB3D86 /* UserDto */ = {
			isa = PBXGroup;
			children = (
				CAE60955205BA4B200BB3D86 /* UserDto.h */,
				CAE60956205BA4B200BB3D86 /* UserDto.m */,
			);
			path = UserDto;
			sourceTree = "<group>";
		};
		CAE60958205BAC4000BB3D86 /* Configure */ = {
			isa = PBXGroup;
			children = (
				CAE60959205BAC5900BB3D86 /* Configure.h */,
				CAE6095A205BAC5900BB3D86 /* Configure.m */,
			);
			path = Configure;
			sourceTree = "<group>";
		};
		E98553B3EDCE16409FE48F32 /* Frameworks */ = {
			isa = PBXGroup;
			children = (
				E27F32BDAA9DC9224D7508EA /* Pods_AppFood.framework */,
				F4E643992F60F00CE5A24DAE /* Pods_AppFoodUITests.framework */,
			);
			name = Frameworks;
			sourceTree = "<group>";
		};
/* End PBXGroup section */

/* Begin PBXNativeTarget section */
		CA6F26F32051154D000D38C7 /* AppFood */ = {
			isa = PBXNativeTarget;
			buildConfigurationList = CA6F27152051154D000D38C7 /* Build configuration list for PBXNativeTarget "AppFood" */;
			buildPhases = (
				872C1F470002803051AA5E0D /* [CP] Check Pods Manifest.lock */,
				CA6F26F02051154D000D38C7 /* Sources */,
				CA6F26F12051154D000D38C7 /* Frameworks */,
				CA6F26F22051154D000D38C7 /* Resources */,
				B5A8B56BFC0BE1103AAAE0E3 /* [CP] Embed Pods Frameworks */,
				B82B9489E4BB7BE941CE8AB4 /* [CP] Copy Pods Resources */,
			);
			buildRules = (
			);
			dependencies = (
			);
			name = AppFood;
			productName = AppFood;
			productReference = CA6F26F42051154D000D38C7 /* AppFood.app */;
			productType = "com.apple.product-type.application";
		};
		CA6F270B2051154D000D38C7 /* AppFoodUITests */ = {
			isa = PBXNativeTarget;
			buildConfigurationList = CA6F27182051154D000D38C7 /* Build configuration list for PBXNativeTarget "AppFoodUITests" */;
			buildPhases = (
				7BB41DC63AB5843D1EA1F2C3 /* [CP] Check Pods Manifest.lock */,
				CA6F27082051154D000D38C7 /* Sources */,
				CA6F27092051154D000D38C7 /* Frameworks */,
				CA6F270A2051154D000D38C7 /* Resources */,
				E2A386853D77D655CCB90708 /* [CP] Embed Pods Frameworks */,
				D33BD16018CC3CEA541F8CCD /* [CP] Copy Pods Resources */,
			);
			buildRules = (
			);
			dependencies = (
				CA6F270E2051154D000D38C7 /* PBXTargetDependency */,
			);
			name = AppFoodUITests;
			productName = AppFoodUITests;
			productReference = CA6F270C2051154D000D38C7 /* AppFoodUITests.xctest */;
			productType = "com.apple.product-type.bundle.ui-testing";
		};
/* End PBXNativeTarget section */

/* Begin PBXProject section */
		CA6F26EC2051154D000D38C7 /* Project object */ = {
			isa = PBXProject;
			attributes = {
				LastUpgradeCheck = 0920;
				ORGANIZATIONNAME = ThanhSon;
				TargetAttributes = {
					CA6F26F32051154D000D38C7 = {
						CreatedOnToolsVersion = 9.2;
						ProvisioningStyle = Automatic;
					};
					CA6F270B2051154D000D38C7 = {
						CreatedOnToolsVersion = 9.2;
						ProvisioningStyle = Automatic;
						TestTargetID = CA6F26F32051154D000D38C7;
					};
				};
			};
			buildConfigurationList = CA6F26EF2051154D000D38C7 /* Build configuration list for PBXProject "AppFood" */;
			compatibilityVersion = "Xcode 8.0";
			developmentRegion = en;
			hasScannedForEncodings = 0;
			knownRegions = (
				en,
				Base,
			);
			mainGroup = CA6F26EB2051154D000D38C7;
			productRefGroup = CA6F26F52051154D000D38C7 /* Products */;
			projectDirPath = "";
			projectRoot = "";
			targets = (
				CA6F26F32051154D000D38C7 /* AppFood */,
				CA6F270B2051154D000D38C7 /* AppFoodUITests */,
			);
		};
/* End PBXProject section */

/* Begin PBXResourcesBuildPhase section */
		CA6F26F22051154D000D38C7 /* Resources */ = {
			isa = PBXResourcesBuildPhase;
			buildActionMask = 2147483647;
			files = (
				CA6F27042051154D000D38C7 /* LaunchScreen.storyboard in Resources */,
				CA6F27012051154D000D38C7 /* Assets.xcassets in Resources */,
				42350B0D20750CA000FF1B21 /* HBanner.xib in Resources */,
				42D16B3A205B4E9500384BC4 /* Login.storyboard in Resources */,
				CA7D32C32052655200599755 /* ListFood.storyboard in Resources */,
				CA7D32BD2052629000599755 /* Support.storyboard in Resources */,
				CA86EFFD2077D00000115699 /* NewDetail.storyboard in Resources */,
				42350B0F20750CA000FF1B21 /* HBannerCell.xib in Resources */,
				CA6F26FF2051154D000D38C7 /* Main.storyboard in Resources */,
			);
			runOnlyForDeploymentPostprocessing = 0;
		};
		CA6F270A2051154D000D38C7 /* Resources */ = {
			isa = PBXResourcesBuildPhase;
			buildActionMask = 2147483647;
			files = (
			);
			runOnlyForDeploymentPostprocessing = 0;
		};
/* End PBXResourcesBuildPhase section */

/* Begin PBXShellScriptBuildPhase section */
		7BB41DC63AB5843D1EA1F2C3 /* [CP] Check Pods Manifest.lock */ = {
			isa = PBXShellScriptBuildPhase;
			buildActionMask = 2147483647;
			files = (
			);
			inputPaths = (
				"${PODS_PODFILE_DIR_PATH}/Podfile.lock",
				"${PODS_ROOT}/Manifest.lock",
			);
			name = "[CP] Check Pods Manifest.lock";
			outputPaths = (
				"$(DERIVED_FILE_DIR)/Pods-AppFoodUITests-checkManifestLockResult.txt",
			);
			runOnlyForDeploymentPostprocessing = 0;
			shellPath = /bin/sh;
			shellScript = "diff \"${PODS_PODFILE_DIR_PATH}/Podfile.lock\" \"${PODS_ROOT}/Manifest.lock\" > /dev/null\nif [ $? != 0 ] ; then\n    # print error to STDERR\n    echo \"error: The sandbox is not in sync with the Podfile.lock. Run 'pod install' or update your CocoaPods installation.\" >&2\n    exit 1\nfi\n# This output is used by Xcode 'outputs' to avoid re-running this script phase.\necho \"SUCCESS\" > \"${SCRIPT_OUTPUT_FILE_0}\"\n";
			showEnvVarsInLog = 0;
		};
		872C1F470002803051AA5E0D /* [CP] Check Pods Manifest.lock */ = {
			isa = PBXShellScriptBuildPhase;
			buildActionMask = 2147483647;
			files = (
			);
			inputPaths = (
				"${PODS_PODFILE_DIR_PATH}/Podfile.lock",
				"${PODS_ROOT}/Manifest.lock",
			);
			name = "[CP] Check Pods Manifest.lock";
			outputPaths = (
				"$(DERIVED_FILE_DIR)/Pods-AppFood-checkManifestLockResult.txt",
			);
			runOnlyForDeploymentPostprocessing = 0;
			shellPath = /bin/sh;
			shellScript = "diff \"${PODS_PODFILE_DIR_PATH}/Podfile.lock\" \"${PODS_ROOT}/Manifest.lock\" > /dev/null\nif [ $? != 0 ] ; then\n    # print error to STDERR\n    echo \"error: The sandbox is not in sync with the Podfile.lock. Run 'pod install' or update your CocoaPods installation.\" >&2\n    exit 1\nfi\n# This output is used by Xcode 'outputs' to avoid re-running this script phase.\necho \"SUCCESS\" > \"${SCRIPT_OUTPUT_FILE_0}\"\n";
			showEnvVarsInLog = 0;
		};
		B5A8B56BFC0BE1103AAAE0E3 /* [CP] Embed Pods Frameworks */ = {
			isa = PBXShellScriptBuildPhase;
			buildActionMask = 2147483647;
			files = (
			);
			inputPaths = (
				"${SRCROOT}/Pods/Target Support Files/Pods-AppFood/Pods-AppFood-frameworks.sh",
				"${BUILT_PRODUCTS_DIR}/CRPageViewController/CRPageViewController.framework",
				"${BUILT_PRODUCTS_DIR}/MBProgressHUD/MBProgressHUD.framework",
				"${BUILT_PRODUCTS_DIR}/PullToMakeSoup/PullToMakeSoup.framework",
				"${BUILT_PRODUCTS_DIR}/PullToRefresher/PullToRefresh.framework",
				"${BUILT_PRODUCTS_DIR}/Reachability/Reachability.framework",
				"${BUILT_PRODUCTS_DIR}/SDWebImage/SDWebImage.framework",
			);
			name = "[CP] Embed Pods Frameworks";
			outputPaths = (
				"${TARGET_BUILD_DIR}/${FRAMEWORKS_FOLDER_PATH}/CRPageViewController.framework",
				"${TARGET_BUILD_DIR}/${FRAMEWORKS_FOLDER_PATH}/MBProgressHUD.framework",
				"${TARGET_BUILD_DIR}/${FRAMEWORKS_FOLDER_PATH}/PullToMakeSoup.framework",
				"${TARGET_BUILD_DIR}/${FRAMEWORKS_FOLDER_PATH}/PullToRefresh.framework",
				"${TARGET_BUILD_DIR}/${FRAMEWORKS_FOLDER_PATH}/Reachability.framework",
				"${TARGET_BUILD_DIR}/${FRAMEWORKS_FOLDER_PATH}/SDWebImage.framework",
			);
			runOnlyForDeploymentPostprocessing = 0;
			shellPath = /bin/sh;
			shellScript = "\"${SRCROOT}/Pods/Target Support Files/Pods-AppFood/Pods-AppFood-frameworks.sh\"\n";
			showEnvVarsInLog = 0;
		};
		B82B9489E4BB7BE941CE8AB4 /* [CP] Copy Pods Resources */ = {
			isa = PBXShellScriptBuildPhase;
			buildActionMask = 2147483647;
			files = (
			);
			inputPaths = (
				"${SRCROOT}/Pods/Target Support Files/Pods-AppFood/Pods-AppFood-resources.sh",
				"${PODS_ROOT}/RMessage/RMessage/Resources/RMessageView.xib",
				"${PODS_ROOT}/RMessage/RMessage/Assets/NotificationBackgroundErrorIcon.png",
				"${PODS_ROOT}/RMessage/RMessage/Assets/NotificationBackgroundErrorIcon@2x.png",
				"${PODS_ROOT}/RMessage/RMessage/Assets/NotificationBackgroundSuccessIcon.png",
				"${PODS_ROOT}/RMessage/RMessage/Assets/NotificationBackgroundSuccessIcon@2x.png",
				"${PODS_ROOT}/RMessage/RMessage/Assets/NotificationBackgroundWarningIcon.png",
				"${PODS_ROOT}/RMessage/RMessage/Assets/NotificationBackgroundWarningIcon@2x.png",
				"${PODS_ROOT}/RMessage/RMessage/Assets/NotificationButtonBackground.png",
				"${PODS_ROOT}/RMessage/RMessage/Assets/NotificationButtonBackground@2x.png",
				"${PODS_ROOT}/RMessage/RMessage/Assets/RMessageDefaultDesign.json",
			);
			name = "[CP] Copy Pods Resources";
			outputPaths = (
				"${TARGET_BUILD_DIR}/${UNLOCALIZED_RESOURCES_FOLDER_PATH}",
			);
			runOnlyForDeploymentPostprocessing = 0;
			shellPath = /bin/sh;
			shellScript = "\"${SRCROOT}/Pods/Target Support Files/Pods-AppFood/Pods-AppFood-resources.sh\"\n";
			showEnvVarsInLog = 0;
		};
		D33BD16018CC3CEA541F8CCD /* [CP] Copy Pods Resources */ = {
			isa = PBXShellScriptBuildPhase;
			buildActionMask = 2147483647;
			files = (
			);
			inputPaths = (
			);
			name = "[CP] Copy Pods Resources";
			outputPaths = (
			);
			runOnlyForDeploymentPostprocessing = 0;
			shellPath = /bin/sh;
			shellScript = "\"${SRCROOT}/Pods/Target Support Files/Pods-AppFoodUITests/Pods-AppFoodUITests-resources.sh\"\n";
			showEnvVarsInLog = 0;
		};
		E2A386853D77D655CCB90708 /* [CP] Embed Pods Frameworks */ = {
			isa = PBXShellScriptBuildPhase;
			buildActionMask = 2147483647;
			files = (
			);
			inputPaths = (
			);
			name = "[CP] Embed Pods Frameworks";
			outputPaths = (
			);
			runOnlyForDeploymentPostprocessing = 0;
			shellPath = /bin/sh;
			shellScript = "\"${SRCROOT}/Pods/Target Support Files/Pods-AppFoodUITests/Pods-AppFoodUITests-frameworks.sh\"\n";
			showEnvVarsInLog = 0;
		};
/* End PBXShellScriptBuildPhase section */

/* Begin PBXSourcesBuildPhase section */
		CA6F26F02051154D000D38C7 /* Sources */ = {
			isa = PBXSourcesBuildPhase;
			buildActionMask = 2147483647;
			files = (
				CA4311F1205971DA003A3568 /* API.m in Sources */,
				CA70139420762F4F00962831 /* UIView+Util.m in Sources */,
				42D94A3E2058C5A6008C5202 /* SlideNavigationContorllerAnimatorFade.m in Sources */,
				42D94A2F2058C582008C5202 /* SlideNavigationController.m in Sources */,
				CA7F70ED205A132B007F93C0 /* ListDishDto.m in Sources */,
				CA7D32DB2052729E00599755 /* DishTypeListVC.m in Sources */,
				CA86F0102077D43E00115699 /* StepsDetailDishCell.m in Sources */,
				CA7D32CB20526AC600599755 /* BaseDto.m in Sources */,
				42D16B45205B65EB00384BC4 /* WelcomeVC.m in Sources */,
				42D94A422058C5A6008C5202 /* SlideNavigationContorllerAnimatorSlideAndFade.m in Sources */,
				CA11035E205A686300905CC4 /* DishListVC.m in Sources */,
				42D16B3E205B534300384BC4 /* MButton.m in Sources */,
				CA86F0142077D45200115699 /* TypeDetailDishCell.m in Sources */,
				42D94A402058C5A6008C5202 /* SlideNavigationContorllerAnimatorScaleAndFade.m in Sources */,
				CA7D32CF20526AE900599755 /* MenuDto.m in Sources */,
				CA6F27072051154D000D38C7 /* main.m in Sources */,
				CA86F0052077D3E400115699 /* InfoDetailDishCell.m in Sources */,
				42E9DF2E2075FC730050EE8E /* DishListCell.m in Sources */,
				CA7D32D32052727000599755 /* FavouriteListVC.m in Sources */,
				42150DEF205FAC18004E23FF /* ContentDetailDishDto.m in Sources */,
				CA7D32BB20525D2E00599755 /* BaseNV.m in Sources */,
				42D16B4B205B660E00384BC4 /* SignUpVC.m in Sources */,
				4209EEC3207871B700371F9B /* NewDetailDishTbvCell.m in Sources */,
				CAE60957205BA4B200BB3D86 /* UserDto.m in Sources */,
				CA604D462051287000038AA9 /* BaseCell.m in Sources */,
				CA604D5620513AA700038AA9 /* SupportVC.m in Sources */,
				CA86F0012077D3BF00115699 /* BaseColCell.m in Sources */,
				CA604D4A20512A3100038AA9 /* BaseTBV.m in Sources */,
				424AF9E3206A382100EFF1EB /* MaterialsDetailDishDto.m in Sources */,
				42350B0E20750CA000FF1B21 /* HBannerCell.m in Sources */,
				42350B0C20750CA000FF1B21 /* HBanner.m in Sources */,
				CA86EFFB2077CFDE00115699 /* NewDetailDishVC.m in Sources */,
				CA6F26F92051154D000D38C7 /* AppDelegate.m in Sources */,
				42D94A3F2058C5A6008C5202 /* SlideNavigationContorllerAnimatorScale.m in Sources */,
				CA6F272E2051187D000D38C7 /* MenuVC.m in Sources */,
				CAE6095B205BAC5900BB3D86 /* Configure.m in Sources */,
				CA7F70F0205A133F007F93C0 /* DetailDishDto.m in Sources */,
				42E9DF2A2075FAA20050EE8E /* DishTypeListCell.m in Sources */,
				CA7D32D72052728B00599755 /* DetailDishVC.m in Sources */,
				42276A58206929D600F20ECC /* DetailDishCell.m in Sources */,
				CA86F00C2077D41C00115699 /* IngredientDetailDishCell.m in Sources */,
				CA6F272B2051186B000D38C7 /* BaseVC.m in Sources */,
				42D16B48205B660100384BC4 /* SignInVC.m in Sources */,
				42D94A412058C5A6008C5202 /* SlideNavigationContorllerAnimatorSlide.m in Sources */,
			);
			runOnlyForDeploymentPostprocessing = 0;
		};
		CA6F27082051154D000D38C7 /* Sources */ = {
			isa = PBXSourcesBuildPhase;
			buildActionMask = 2147483647;
			files = (
				CA6F27112051154D000D38C7 /* AppFoodUITests.m in Sources */,
			);
			runOnlyForDeploymentPostprocessing = 0;
		};
/* End PBXSourcesBuildPhase section */

/* Begin PBXTargetDependency section */
		CA6F270E2051154D000D38C7 /* PBXTargetDependency */ = {
			isa = PBXTargetDependency;
			target = CA6F26F32051154D000D38C7 /* AppFood */;
			targetProxy = CA6F270D2051154D000D38C7 /* PBXContainerItemProxy */;
		};
/* End PBXTargetDependency section */

/* Begin PBXVariantGroup section */
		CA6F26FD2051154D000D38C7 /* Main.storyboard */ = {
			isa = PBXVariantGroup;
			children = (
				CA6F26FE2051154D000D38C7 /* Base */,
			);
			name = Main.storyboard;
			sourceTree = "<group>";
		};
		CA6F27022051154D000D38C7 /* LaunchScreen.storyboard */ = {
			isa = PBXVariantGroup;
			children = (
				CA6F27032051154D000D38C7 /* Base */,
			);
			name = LaunchScreen.storyboard;
			sourceTree = "<group>";
		};
/* End PBXVariantGroup section */

/* Begin XCBuildConfiguration section */
		CA6F27132051154D000D38C7 /* Debug */ = {
			isa = XCBuildConfiguration;
			buildSettings = {
				ALWAYS_EMBED_SWIFT_STANDARD_LIBRARIES = YES;
				ALWAYS_SEARCH_USER_PATHS = NO;
				CLANG_ANALYZER_NONNULL = YES;
				CLANG_ANALYZER_NUMBER_OBJECT_CONVERSION = YES_AGGRESSIVE;
				CLANG_CXX_LANGUAGE_STANDARD = "gnu++14";
				CLANG_CXX_LIBRARY = "libc++";
				CLANG_ENABLE_MODULES = YES;
				CLANG_ENABLE_OBJC_ARC = YES;
				CLANG_WARN_BLOCK_CAPTURE_AUTORELEASING = YES;
				CLANG_WARN_BOOL_CONVERSION = YES;
				CLANG_WARN_COMMA = YES;
				CLANG_WARN_CONSTANT_CONVERSION = YES;
				CLANG_WARN_DIRECT_OBJC_ISA_USAGE = YES_ERROR;
				CLANG_WARN_DOCUMENTATION_COMMENTS = YES;
				CLANG_WARN_EMPTY_BODY = YES;
				CLANG_WARN_ENUM_CONVERSION = YES;
				CLANG_WARN_INFINITE_RECURSION = YES;
				CLANG_WARN_INT_CONVERSION = YES;
				CLANG_WARN_NON_LITERAL_NULL_CONVERSION = YES;
				CLANG_WARN_OBJC_LITERAL_CONVERSION = YES;
				CLANG_WARN_OBJC_ROOT_CLASS = YES_ERROR;
				CLANG_WARN_RANGE_LOOP_ANALYSIS = YES;
				CLANG_WARN_STRICT_PROTOTYPES = YES;
				CLANG_WARN_SUSPICIOUS_MOVE = YES;
				CLANG_WARN_UNGUARDED_AVAILABILITY = YES_AGGRESSIVE;
				CLANG_WARN_UNREACHABLE_CODE = YES;
				CLANG_WARN__DUPLICATE_METHOD_MATCH = YES;
				CODE_SIGN_IDENTITY = "iPhone Developer";
				COPY_PHASE_STRIP = NO;
				DEBUG_INFORMATION_FORMAT = dwarf;
				ENABLE_STRICT_OBJC_MSGSEND = YES;
				ENABLE_TESTABILITY = YES;
				GCC_C_LANGUAGE_STANDARD = gnu11;
				GCC_DYNAMIC_NO_PIC = NO;
				GCC_NO_COMMON_BLOCKS = YES;
				GCC_OPTIMIZATION_LEVEL = 0;
				GCC_PREPROCESSOR_DEFINITIONS = (
					"DEBUG=1",
					"$(inherited)",
				);
				GCC_WARN_64_TO_32_BIT_CONVERSION = YES;
				GCC_WARN_ABOUT_RETURN_TYPE = YES_ERROR;
				GCC_WARN_UNDECLARED_SELECTOR = YES;
				GCC_WARN_UNINITIALIZED_AUTOS = YES_AGGRESSIVE;
				GCC_WARN_UNUSED_FUNCTION = YES;
				GCC_WARN_UNUSED_VARIABLE = YES;
				IPHONEOS_DEPLOYMENT_TARGET = 11.2;
				MTL_ENABLE_DEBUG_INFO = YES;
				ONLY_ACTIVE_ARCH = YES;
				SDKROOT = iphoneos;
				SWIFT_VERSION = 4.0;
			};
			name = Debug;
		};
		CA6F27142051154D000D38C7 /* Release */ = {
			isa = XCBuildConfiguration;
			buildSettings = {
				ALWAYS_EMBED_SWIFT_STANDARD_LIBRARIES = YES;
				ALWAYS_SEARCH_USER_PATHS = NO;
				CLANG_ANALYZER_NONNULL = YES;
				CLANG_ANALYZER_NUMBER_OBJECT_CONVERSION = YES_AGGRESSIVE;
				CLANG_CXX_LANGUAGE_STANDARD = "gnu++14";
				CLANG_CXX_LIBRARY = "libc++";
				CLANG_ENABLE_MODULES = YES;
				CLANG_ENABLE_OBJC_ARC = YES;
				CLANG_WARN_BLOCK_CAPTURE_AUTORELEASING = YES;
				CLANG_WARN_BOOL_CONVERSION = YES;
				CLANG_WARN_COMMA = YES;
				CLANG_WARN_CONSTANT_CONVERSION = YES;
				CLANG_WARN_DIRECT_OBJC_ISA_USAGE = YES_ERROR;
				CLANG_WARN_DOCUMENTATION_COMMENTS = YES;
				CLANG_WARN_EMPTY_BODY = YES;
				CLANG_WARN_ENUM_CONVERSION = YES;
				CLANG_WARN_INFINITE_RECURSION = YES;
				CLANG_WARN_INT_CONVERSION = YES;
				CLANG_WARN_NON_LITERAL_NULL_CONVERSION = YES;
				CLANG_WARN_OBJC_LITERAL_CONVERSION = YES;
				CLANG_WARN_OBJC_ROOT_CLASS = YES_ERROR;
				CLANG_WARN_RANGE_LOOP_ANALYSIS = YES;
				CLANG_WARN_STRICT_PROTOTYPES = YES;
				CLANG_WARN_SUSPICIOUS_MOVE = YES;
				CLANG_WARN_UNGUARDED_AVAILABILITY = YES_AGGRESSIVE;
				CLANG_WARN_UNREACHABLE_CODE = YES;
				CLANG_WARN__DUPLICATE_METHOD_MATCH = YES;
				CODE_SIGN_IDENTITY = "iPhone Developer";
				COPY_PHASE_STRIP = NO;
				DEBUG_INFORMATION_FORMAT = "dwarf-with-dsym";
				ENABLE_NS_ASSERTIONS = NO;
				ENABLE_STRICT_OBJC_MSGSEND = YES;
				GCC_C_LANGUAGE_STANDARD = gnu11;
				GCC_NO_COMMON_BLOCKS = YES;
				GCC_WARN_64_TO_32_BIT_CONVERSION = YES;
				GCC_WARN_ABOUT_RETURN_TYPE = YES_ERROR;
				GCC_WARN_UNDECLARED_SELECTOR = YES;
				GCC_WARN_UNINITIALIZED_AUTOS = YES_AGGRESSIVE;
				GCC_WARN_UNUSED_FUNCTION = YES;
				GCC_WARN_UNUSED_VARIABLE = YES;
				IPHONEOS_DEPLOYMENT_TARGET = 11.2;
				MTL_ENABLE_DEBUG_INFO = NO;
				SDKROOT = iphoneos;
				SWIFT_VERSION = 4.0;
				VALIDATE_PRODUCT = YES;
			};
			name = Release;
		};
		CA6F27162051154D000D38C7 /* Debug */ = {
			isa = XCBuildConfiguration;
			baseConfigurationReference = BADFC49C246072D3785D4196 /* Pods-AppFood.debug.xcconfig */;
			buildSettings = {
				ALWAYS_EMBED_SWIFT_STANDARD_LIBRARIES = YES;
				ASSETCATALOG_COMPILER_APPICON_NAME = AppIcon;
				CODE_SIGN_STYLE = Automatic;
				DEVELOPMENT_TEAM = 52BEENW56Y;
				INFOPLIST_FILE = AppFood/Info.plist;
				IPHONEOS_DEPLOYMENT_TARGET = 11.2;
				LD_RUNPATH_SEARCH_PATHS = "$(inherited) @executable_path/Frameworks";
				PRODUCT_BUNDLE_IDENTIFIER = thanhson;
				PRODUCT_NAME = "$(TARGET_NAME)";
				SWIFT_VERSION = 4.0;
				TARGETED_DEVICE_FAMILY = "1,2";
			};
			name = Debug;
		};
		CA6F27172051154D000D38C7 /* Release */ = {
			isa = XCBuildConfiguration;
			baseConfigurationReference = 98B806FA9E9536EFE1107895 /* Pods-AppFood.release.xcconfig */;
			buildSettings = {
				ALWAYS_EMBED_SWIFT_STANDARD_LIBRARIES = YES;
				ASSETCATALOG_COMPILER_APPICON_NAME = AppIcon;
				CODE_SIGN_STYLE = Automatic;
				DEVELOPMENT_TEAM = 52BEENW56Y;
				INFOPLIST_FILE = AppFood/Info.plist;
				IPHONEOS_DEPLOYMENT_TARGET = 11.2;
				LD_RUNPATH_SEARCH_PATHS = "$(inherited) @executable_path/Frameworks";
				PRODUCT_BUNDLE_IDENTIFIER = thanhson;
				PRODUCT_NAME = "$(TARGET_NAME)";
				SWIFT_VERSION = 4.0;
				TARGETED_DEVICE_FAMILY = "1,2";
			};
			name = Release;
		};
		CA6F27192051154D000D38C7 /* Debug */ = {
			isa = XCBuildConfiguration;
			baseConfigurationReference = 0C4D3CE434AF4D4085BB6BF3 /* Pods-AppFoodUITests.debug.xcconfig */;
			buildSettings = {
				CODE_SIGN_STYLE = Automatic;
				DEVELOPMENT_TEAM = 52BEENW56Y;
				INFOPLIST_FILE = AppFoodUITests/Info.plist;
				LD_RUNPATH_SEARCH_PATHS = "$(inherited) @executable_path/Frameworks @loader_path/Frameworks";
				PRODUCT_BUNDLE_IDENTIFIER = ThanhsonApp.AppFoodUITests;
				PRODUCT_NAME = "$(TARGET_NAME)";
				TARGETED_DEVICE_FAMILY = "1,2";
				TEST_TARGET_NAME = AppFood;
			};
			name = Debug;
		};
		CA6F271A2051154D000D38C7 /* Release */ = {
			isa = XCBuildConfiguration;
			baseConfigurationReference = 93852F45A48A349F33CA59C9 /* Pods-AppFoodUITests.release.xcconfig */;
			buildSettings = {
				CODE_SIGN_STYLE = Automatic;
				DEVELOPMENT_TEAM = 52BEENW56Y;
				INFOPLIST_FILE = AppFoodUITests/Info.plist;
				LD_RUNPATH_SEARCH_PATHS = "$(inherited) @executable_path/Frameworks @loader_path/Frameworks";
				PRODUCT_BUNDLE_IDENTIFIER = ThanhsonApp.AppFoodUITests;
				PRODUCT_NAME = "$(TARGET_NAME)";
				TARGETED_DEVICE_FAMILY = "1,2";
				TEST_TARGET_NAME = AppFood;
			};
			name = Release;
		};
/* End XCBuildConfiguration section */

/* Begin XCConfigurationList section */
		CA6F26EF2051154D000D38C7 /* Build configuration list for PBXProject "AppFood" */ = {
			isa = XCConfigurationList;
			buildConfigurations = (
				CA6F27132051154D000D38C7 /* Debug */,
				CA6F27142051154D000D38C7 /* Release */,
			);
			defaultConfigurationIsVisible = 0;
			defaultConfigurationName = Release;
		};
		CA6F27152051154D000D38C7 /* Build configuration list for PBXNativeTarget "AppFood" */ = {
			isa = XCConfigurationList;
			buildConfigurations = (
				CA6F27162051154D000D38C7 /* Debug */,
				CA6F27172051154D000D38C7 /* Release */,
			);
			defaultConfigurationIsVisible = 0;
			defaultConfigurationName = Release;
		};
		CA6F27182051154D000D38C7 /* Build configuration list for PBXNativeTarget "AppFoodUITests" */ = {
			isa = XCConfigurationList;
			buildConfigurations = (
				CA6F27192051154D000D38C7 /* Debug */,
				CA6F271A2051154D000D38C7 /* Release */,
			);
			defaultConfigurationIsVisible = 0;
			defaultConfigurationName = Release;
		};
/* End XCConfigurationList section */
	};
	rootObject = CA6F26EC2051154D000D38C7 /* Project object */;
}
